
Microsoft Visual Studio Solution File, Format Version 12.00
# Visual Studio Version 16
VisualStudioVersion = 16.0.28729.10
MinimumVisualStudioVersion = 10.0.40219.1
Project("{FAE04EC0-301F-11D3-BF4B-00C04F79EFBC}") = "UI_007", "UI_007\UI_007.csproj", "{2B772F5B-B863-4013-8D99-94854848C72B}"
EndProject
Global
	GlobalSection(SolutionConfigurationPlatforms) = preSolution
		Debug|Any CPU = Debug|Any CPU
		Release|Any CPU = Release|Any CPU
	EndGlobalSection
	GlobalSection(ProjectConfigurationPlatforms) = postSolution
		{2B772F5B-B863-4013-8D99-94854848C72B}.Debug|Any CPU.ActiveCfg = Debug|Any CPU
		{2B772F5B-B863-4013-8D99-94854848C72B}.Debug|Any CPU.Build.0 = Debug|Any CPU
		{2B772F5B-B863-4013-8D99-94854848C72B}.Release|Any CPU.ActiveCfg = Release|Any CPU
		{2B772F5B-B863-4013-8D99-94854848C72B}.Release|Any CPU.Build.0 = Release|Any CPU
	EndGlobalSection
	GlobalSection(SolutionProperties) = preSolution
		HideSolutionNode = FALSE
	EndGlobalSection
	GlobalSection(ExtensibilityGlobals) = postSolution
		SolutionGuid = {B51B4A69-4434-4A1A-89E8-2475529DDA9B}
	EndGlobalSection
EndGlobal
